
Microsoft Visual Studio Solution File, Format Version 11.00
# Visual Studio 2010
Project("{FAE04EC0-301F-11D3-BF4B-00C04F79EFBC}") = "Axantum.AxCrypt.Core", "Axantum.AxCrypt.Core\Axantum.AxCrypt.Core.csproj", "{966E9510-1A1D-46C7-97B5-460A0FF9B89F}"
EndProject
Project("{FAE04EC0-301F-11D3-BF4B-00C04F79EFBC}") = "Axantum.AxCrypt.Core.Test", "Axantum.AxCrypt.Core.Test\Axantum.AxCrypt.Core.Test.csproj", "{2689B1EF-29AF-4F3E-A7EC-C87FF66DC403}"
EndProject
Project("{FAE04EC0-301F-11D3-BF4B-00C04F79EFBC}") = "Axantum.AxCrypt", "Axantum.AxCrypt\Axantum.AxCrypt.csproj", "{0998224C-F45E-4EBF-A944-7FFBCB2DB134}"
	ProjectSection(ProjectDependencies) = postProject
		{CE9E8614-8DC5-4757-9384-3C416AB61A47} = {CE9E8614-8DC5-4757-9384-3C416AB61A47}
	EndProjectSection
EndProject
Project("{FAE04EC0-301F-11D3-BF4B-00C04F79EFBC}") = "SolutionItems", "SolutionItems\SolutionItems.csproj", "{A60D139A-7DBC-4BC5-976A-D89C32C913AD}"
EndProject
Project("{FAE04EC0-301F-11D3-BF4B-00C04F79EFBC}") = "Axantum.AxCrypt.Mono", "Axantum.AxCrypt.Mono\Axantum.AxCrypt.Mono.csproj", "{CE9E8614-8DC5-4757-9384-3C416AB61A47}"
EndProject
Project("{FAE04EC0-301F-11D3-BF4B-00C04F79EFBC}") = "Axantum.AxCrypt.Mac", "Axantum.AxCrypt.Mac\Axantum.AxCrypt.Mac.csproj", "{0E46C5F6-8B43-4571-AE55-6A65C0B87525}"
EndProject
Project("{FAE04EC0-301F-11D3-BF4B-00C04F79EFBC}") = "Axantum.AxCrypt.Mono.Test", "Axantum.AxCrypt.Mono.Test\Axantum.AxCrypt.Mono.Test.csproj", "{79C4901A-BCAA-49AA-A789-6A8F97ACC881}"
EndProject
Project("{FAE04EC0-301F-11D3-BF4B-00C04F79EFBC}") = "Axantum.AxCrypt.Core.Android", "Axantum.AxCrypt.Core.Android\Axantum.AxCrypt.Core.Android.csproj", "{B81CB4AF-7DC9-4699-B0EF-089452C6F1D5}"
EndProject
Global
	GlobalSection(SolutionConfigurationPlatforms) = preSolution
		AppStore|Any CPU = AppStore|Any CPU
		AppStore|x64 = AppStore|x64
		AppStore|x86 = AppStore|x86
		Debug|Any CPU = Debug|Any CPU
		Debug|x64 = Debug|x64
		Debug|x86 = Debug|x86
		DebugAndroid|Any CPU = DebugAndroid|Any CPU
		DebugAndroid|x64 = DebugAndroid|x64
		DebugAndroid|x86 = DebugAndroid|x86
		Release|Any CPU = Release|Any CPU
		Release|x64 = Release|x64
		Release|x86 = Release|x86
		ReleaseAndroid|Any CPU = ReleaseAndroid|Any CPU
		ReleaseAndroid|x64 = ReleaseAndroid|x64
		ReleaseAndroid|x86 = ReleaseAndroid|x86
	EndGlobalSection
	GlobalSection(ProjectConfigurationPlatforms) = postSolution
		{0998224C-F45E-4EBF-A944-7FFBCB2DB134}.AppStore|Any CPU.ActiveCfg = ReleaseAndroid|x64
		{0998224C-F45E-4EBF-A944-7FFBCB2DB134}.AppStore|x64.ActiveCfg = ReleaseAndroid|x64
		{0998224C-F45E-4EBF-A944-7FFBCB2DB134}.AppStore|x86.ActiveCfg = Debug|Any CPU
		{0998224C-F45E-4EBF-A944-7FFBCB2DB134}.Debug|Any CPU.ActiveCfg = Debug|x86
		{0998224C-F45E-4EBF-A944-7FFBCB2DB134}.Debug|Any CPU.Build.0 = Debug|x86
		{0998224C-F45E-4EBF-A944-7FFBCB2DB134}.Debug|x64.ActiveCfg = Debug|x64
		{0998224C-F45E-4EBF-A944-7FFBCB2DB134}.Debug|x64.Build.0 = Debug|x64
		{0998224C-F45E-4EBF-A944-7FFBCB2DB134}.Debug|x86.ActiveCfg = Debug|x86
		{0998224C-F45E-4EBF-A944-7FFBCB2DB134}.Debug|x86.Build.0 = Debug|x86
		{0998224C-F45E-4EBF-A944-7FFBCB2DB134}.DebugAndroid|Any CPU.ActiveCfg = DebugAndroid|Any CPU
		{0998224C-F45E-4EBF-A944-7FFBCB2DB134}.DebugAndroid|x64.ActiveCfg = DebugAndroid|x64
		{0998224C-F45E-4EBF-A944-7FFBCB2DB134}.DebugAndroid|x64.Build.0 = DebugAndroid|x64
		{0998224C-F45E-4EBF-A944-7FFBCB2DB134}.DebugAndroid|x86.ActiveCfg = DebugAndroid|x86
		{0998224C-F45E-4EBF-A944-7FFBCB2DB134}.DebugAndroid|x86.Build.0 = DebugAndroid|x86
		{0998224C-F45E-4EBF-A944-7FFBCB2DB134}.Release|Any CPU.ActiveCfg = Release|Any CPU
		{0998224C-F45E-4EBF-A944-7FFBCB2DB134}.Release|Any CPU.Build.0 = Release|Any CPU
		{0998224C-F45E-4EBF-A944-7FFBCB2DB134}.Release|x64.ActiveCfg = Release|x64
		{0998224C-F45E-4EBF-A944-7FFBCB2DB134}.Release|x64.Build.0 = Release|x64
		{0998224C-F45E-4EBF-A944-7FFBCB2DB134}.Release|x86.ActiveCfg = Release|x86
		{0998224C-F45E-4EBF-A944-7FFBCB2DB134}.Release|x86.Build.0 = Release|x86
		{0998224C-F45E-4EBF-A944-7FFBCB2DB134}.ReleaseAndroid|Any CPU.ActiveCfg = ReleaseAndroid|Any CPU
		{0998224C-F45E-4EBF-A944-7FFBCB2DB134}.ReleaseAndroid|x64.ActiveCfg = ReleaseAndroid|x64
		{0998224C-F45E-4EBF-A944-7FFBCB2DB134}.ReleaseAndroid|x64.Build.0 = ReleaseAndroid|x64
		{0998224C-F45E-4EBF-A944-7FFBCB2DB134}.ReleaseAndroid|x86.ActiveCfg = ReleaseAndroid|x86
		{0998224C-F45E-4EBF-A944-7FFBCB2DB134}.ReleaseAndroid|x86.Build.0 = ReleaseAndroid|x86
		{0E46C5F6-8B43-4571-AE55-6A65C0B87525}.AppStore|Any CPU.ActiveCfg = AppStore|x86
		{0E46C5F6-8B43-4571-AE55-6A65C0B87525}.AppStore|Any CPU.Build.0 = AppStore|x86
		{0E46C5F6-8B43-4571-AE55-6A65C0B87525}.AppStore|x64.ActiveCfg = AppStore|Any CPU
		{0E46C5F6-8B43-4571-AE55-6A65C0B87525}.AppStore|x86.ActiveCfg = AppStore|x86
		{0E46C5F6-8B43-4571-AE55-6A65C0B87525}.AppStore|x86.Build.0 = AppStore|x86
		{0E46C5F6-8B43-4571-AE55-6A65C0B87525}.Debug|Any CPU.ActiveCfg = Debug|Any CPU
		{0E46C5F6-8B43-4571-AE55-6A65C0B87525}.Debug|Any CPU.Build.0 = Debug|Any CPU
		{0E46C5F6-8B43-4571-AE55-6A65C0B87525}.Debug|x64.ActiveCfg = Debug|Any CPU
		{0E46C5F6-8B43-4571-AE55-6A65C0B87525}.Debug|x64.Build.0 = Debug|Any CPU
		{0E46C5F6-8B43-4571-AE55-6A65C0B87525}.Debug|x86.ActiveCfg = Debug|Any CPU
		{0E46C5F6-8B43-4571-AE55-6A65C0B87525}.Debug|x86.Build.0 = Debug|Any CPU
		{0E46C5F6-8B43-4571-AE55-6A65C0B87525}.DebugAndroid|Any CPU.ActiveCfg = Debug|Any CPU
		{0E46C5F6-8B43-4571-AE55-6A65C0B87525}.DebugAndroid|x64.ActiveCfg = Debug|Any CPU
		{0E46C5F6-8B43-4571-AE55-6A65C0B87525}.DebugAndroid|x86.ActiveCfg = Debug|Any CPU
		{0E46C5F6-8B43-4571-AE55-6A65C0B87525}.Release|Any CPU.ActiveCfg = Release|Any CPU
		{0E46C5F6-8B43-4571-AE55-6A65C0B87525}.Release|Any CPU.Build.0 = Release|Any CPU
		{0E46C5F6-8B43-4571-AE55-6A65C0B87525}.Release|x64.ActiveCfg = Release|Any CPU
		{0E46C5F6-8B43-4571-AE55-6A65C0B87525}.Release|x64.Build.0 = Release|Any CPU
		{0E46C5F6-8B43-4571-AE55-6A65C0B87525}.Release|x86.ActiveCfg = Release|Any CPU
		{0E46C5F6-8B43-4571-AE55-6A65C0B87525}.Release|x86.Build.0 = Release|Any CPU
		{0E46C5F6-8B43-4571-AE55-6A65C0B87525}.ReleaseAndroid|Any CPU.ActiveCfg = Release|Any CPU
		{0E46C5F6-8B43-4571-AE55-6A65C0B87525}.ReleaseAndroid|x64.ActiveCfg = Release|Any CPU
		{0E46C5F6-8B43-4571-AE55-6A65C0B87525}.ReleaseAndroid|x86.ActiveCfg = Release|Any CPU
		{2689B1EF-29AF-4F3E-A7EC-C87FF66DC403}.AppStore|Any CPU.ActiveCfg = AppStore|x86
		{2689B1EF-29AF-4F3E-A7EC-C87FF66DC403}.AppStore|Any CPU.Build.0 = AppStore|x86
		{2689B1EF-29AF-4F3E-A7EC-C87FF66DC403}.AppStore|x64.ActiveCfg = ReleaseAndroid|x64
		{2689B1EF-29AF-4F3E-A7EC-C87FF66DC403}.AppStore|x86.ActiveCfg = AppStore|x86
		{2689B1EF-29AF-4F3E-A7EC-C87FF66DC403}.Debug|Any CPU.ActiveCfg = Debug|Any CPU
		{2689B1EF-29AF-4F3E-A7EC-C87FF66DC403}.Debug|Any CPU.Build.0 = Debug|Any CPU
		{2689B1EF-29AF-4F3E-A7EC-C87FF66DC403}.Debug|x64.ActiveCfg = Debug|x64
		{2689B1EF-29AF-4F3E-A7EC-C87FF66DC403}.Debug|x64.Build.0 = Debug|x64
		{2689B1EF-29AF-4F3E-A7EC-C87FF66DC403}.Debug|x86.ActiveCfg = Debug|x64
		{2689B1EF-29AF-4F3E-A7EC-C87FF66DC403}.DebugAndroid|Any CPU.ActiveCfg = DebugAndroid|Any CPU
		{2689B1EF-29AF-4F3E-A7EC-C87FF66DC403}.DebugAndroid|Any CPU.Build.0 = DebugAndroid|Any CPU
		{2689B1EF-29AF-4F3E-A7EC-C87FF66DC403}.DebugAndroid|x64.ActiveCfg = DebugAndroid|x64
		{2689B1EF-29AF-4F3E-A7EC-C87FF66DC403}.DebugAndroid|x64.Build.0 = DebugAndroid|x64
		{2689B1EF-29AF-4F3E-A7EC-C87FF66DC403}.DebugAndroid|x86.ActiveCfg = DebugAndroid|x64
		{2689B1EF-29AF-4F3E-A7EC-C87FF66DC403}.Release|Any CPU.ActiveCfg = Release|Any CPU
		{2689B1EF-29AF-4F3E-A7EC-C87FF66DC403}.Release|x64.ActiveCfg = Release|x64
		{2689B1EF-29AF-4F3E-A7EC-C87FF66DC403}.Release|x64.Build.0 = Release|x64
		{2689B1EF-29AF-4F3E-A7EC-C87FF66DC403}.Release|x86.ActiveCfg = Release|x64
		{2689B1EF-29AF-4F3E-A7EC-C87FF66DC403}.ReleaseAndroid|Any CPU.ActiveCfg = ReleaseAndroid|Any CPU
		{2689B1EF-29AF-4F3E-A7EC-C87FF66DC403}.ReleaseAndroid|x64.ActiveCfg = ReleaseAndroid|x64
		{2689B1EF-29AF-4F3E-A7EC-C87FF66DC403}.ReleaseAndroid|x86.ActiveCfg = ReleaseAndroid|x64
		{79C4901A-BCAA-49AA-A789-6A8F97ACC881}.AppStore|Any CPU.ActiveCfg = ReleaseAndroid|Any CPU
		{79C4901A-BCAA-49AA-A789-6A8F97ACC881}.AppStore|x64.ActiveCfg = ReleaseAndroid|Any CPU
		{79C4901A-BCAA-49AA-A789-6A8F97ACC881}.AppStore|x86.ActiveCfg = AppStore|x86
		{79C4901A-BCAA-49AA-A789-6A8F97ACC881}.Debug|Any CPU.ActiveCfg = Debug|Any CPU
		{79C4901A-BCAA-49AA-A789-6A8F97ACC881}.Debug|Any CPU.Build.0 = Debug|Any CPU
		{79C4901A-BCAA-49AA-A789-6A8F97ACC881}.Debug|x64.ActiveCfg = Debug|Any CPU
		{79C4901A-BCAA-49AA-A789-6A8F97ACC881}.Debug|x86.ActiveCfg = Debug|Any CPU
		{79C4901A-BCAA-49AA-A789-6A8F97ACC881}.DebugAndroid|Any CPU.ActiveCfg = DebugAndroid|Any CPU
		{79C4901A-BCAA-49AA-A789-6A8F97ACC881}.DebugAndroid|x64.ActiveCfg = DebugAndroid|Any CPU
		{79C4901A-BCAA-49AA-A789-6A8F97ACC881}.DebugAndroid|x86.ActiveCfg = DebugAndroid|Any CPU
		{79C4901A-BCAA-49AA-A789-6A8F97ACC881}.Release|Any CPU.ActiveCfg = Release|Any CPU
		{79C4901A-BCAA-49AA-A789-6A8F97ACC881}.Release|x64.ActiveCfg = Release|Any CPU
		{79C4901A-BCAA-49AA-A789-6A8F97ACC881}.Release|x86.ActiveCfg = Release|Any CPU
		{79C4901A-BCAA-49AA-A789-6A8F97ACC881}.ReleaseAndroid|Any CPU.ActiveCfg = ReleaseAndroid|Any CPU
		{79C4901A-BCAA-49AA-A789-6A8F97ACC881}.ReleaseAndroid|x64.ActiveCfg = ReleaseAndroid|Any CPU
		{79C4901A-BCAA-49AA-A789-6A8F97ACC881}.ReleaseAndroid|x86.ActiveCfg = ReleaseAndroid|Any CPU
		{966E9510-1A1D-46C7-97B5-460A0FF9B89F}.AppStore|Any CPU.ActiveCfg = AppStore|x86
		{966E9510-1A1D-46C7-97B5-460A0FF9B89F}.AppStore|Any CPU.Build.0 = AppStore|x86
		{966E9510-1A1D-46C7-97B5-460A0FF9B89F}.AppStore|x64.ActiveCfg = ReleaseAndroid|x64
		{966E9510-1A1D-46C7-97B5-460A0FF9B89F}.AppStore|x86.ActiveCfg = AppStore|x86
		{966E9510-1A1D-46C7-97B5-460A0FF9B89F}.AppStore|x86.Build.0 = AppStore|x86
		{966E9510-1A1D-46C7-97B5-460A0FF9B89F}.Debug|Any CPU.ActiveCfg = Debug|Any CPU
		{966E9510-1A1D-46C7-97B5-460A0FF9B89F}.Debug|Any CPU.Build.0 = Debug|Any CPU
		{966E9510-1A1D-46C7-97B5-460A0FF9B89F}.Debug|x64.ActiveCfg = Debug|x64
		{966E9510-1A1D-46C7-97B5-460A0FF9B89F}.Debug|x64.Build.0 = Debug|x64
		{966E9510-1A1D-46C7-97B5-460A0FF9B89F}.Debug|x86.ActiveCfg = Debug|x64
		{966E9510-1A1D-46C7-97B5-460A0FF9B89F}.DebugAndroid|Any CPU.ActiveCfg = DebugAndroid|Any CPU
		{966E9510-1A1D-46C7-97B5-460A0FF9B89F}.DebugAndroid|Any CPU.Build.0 = DebugAndroid|Any CPU
		{966E9510-1A1D-46C7-97B5-460A0FF9B89F}.DebugAndroid|x64.ActiveCfg = DebugAndroid|x64
		{966E9510-1A1D-46C7-97B5-460A0FF9B89F}.DebugAndroid|x64.Build.0 = DebugAndroid|x64
		{966E9510-1A1D-46C7-97B5-460A0FF9B89F}.DebugAndroid|x86.ActiveCfg = DebugAndroid|x64
		{966E9510-1A1D-46C7-97B5-460A0FF9B89F}.Release|Any CPU.ActiveCfg = Release|Any CPU
		{966E9510-1A1D-46C7-97B5-460A0FF9B89F}.Release|Any CPU.Build.0 = Release|Any CPU
		{966E9510-1A1D-46C7-97B5-460A0FF9B89F}.Release|x64.ActiveCfg = Release|x64
		{966E9510-1A1D-46C7-97B5-460A0FF9B89F}.Release|x64.Build.0 = Release|x64
		{966E9510-1A1D-46C7-97B5-460A0FF9B89F}.Release|x86.ActiveCfg = Release|x64
		{966E9510-1A1D-46C7-97B5-460A0FF9B89F}.ReleaseAndroid|Any CPU.ActiveCfg = ReleaseAndroid|Any CPU
		{966E9510-1A1D-46C7-97B5-460A0FF9B89F}.ReleaseAndroid|x64.ActiveCfg = ReleaseAndroid|x64
		{966E9510-1A1D-46C7-97B5-460A0FF9B89F}.ReleaseAndroid|x64.Build.0 = ReleaseAndroid|x64
		{966E9510-1A1D-46C7-97B5-460A0FF9B89F}.ReleaseAndroid|x86.ActiveCfg = ReleaseAndroid|x64
		{A60D139A-7DBC-4BC5-976A-D89C32C913AD}.AppStore|Any CPU.ActiveCfg = ReleaseAndroid|Any CPU
		{A60D139A-7DBC-4BC5-976A-D89C32C913AD}.AppStore|x64.ActiveCfg = ReleaseAndroid|Any CPU
		{A60D139A-7DBC-4BC5-976A-D89C32C913AD}.AppStore|x86.ActiveCfg = ReleaseAndroid|Any CPU
		{A60D139A-7DBC-4BC5-976A-D89C32C913AD}.Debug|Any CPU.ActiveCfg = Debug|Any CPU
		{A60D139A-7DBC-4BC5-976A-D89C32C913AD}.Debug|x64.ActiveCfg = Debug|x64
		{A60D139A-7DBC-4BC5-976A-D89C32C913AD}.Debug|x64.Build.0 = Debug|x64
		{A60D139A-7DBC-4BC5-976A-D89C32C913AD}.Debug|x86.ActiveCfg = Debug|x86
		{A60D139A-7DBC-4BC5-976A-D89C32C913AD}.Debug|x86.Build.0 = Debug|x86
		{A60D139A-7DBC-4BC5-976A-D89C32C913AD}.DebugAndroid|Any CPU.ActiveCfg = DebugAndroid|Any CPU
		{A60D139A-7DBC-4BC5-976A-D89C32C913AD}.DebugAndroid|x64.ActiveCfg = DebugAndroid|x64
		{A60D139A-7DBC-4BC5-976A-D89C32C913AD}.DebugAndroid|x86.ActiveCfg = DebugAndroid|x86
		{A60D139A-7DBC-4BC5-976A-D89C32C913AD}.Release|Any CPU.ActiveCfg = Release|Any CPU
		{A60D139A-7DBC-4BC5-976A-D89C32C913AD}.Release|x64.ActiveCfg = Release|x64
		{A60D139A-7DBC-4BC5-976A-D89C32C913AD}.Release|x64.Build.0 = Release|x64
		{A60D139A-7DBC-4BC5-976A-D89C32C913AD}.Release|x86.ActiveCfg = Release|x86
		{A60D139A-7DBC-4BC5-976A-D89C32C913AD}.Release|x86.Build.0 = Release|x86
		{A60D139A-7DBC-4BC5-976A-D89C32C913AD}.ReleaseAndroid|Any CPU.ActiveCfg = ReleaseAndroid|Any CPU
		{A60D139A-7DBC-4BC5-976A-D89C32C913AD}.ReleaseAndroid|x64.ActiveCfg = ReleaseAndroid|x64
		{A60D139A-7DBC-4BC5-976A-D89C32C913AD}.ReleaseAndroid|x86.ActiveCfg = ReleaseAndroid|x86
		{B81CB4AF-7DC9-4699-B0EF-089452C6F1D5}.AppStore|Any CPU.ActiveCfg = ReleaseAndroid|Any CPU
		{B81CB4AF-7DC9-4699-B0EF-089452C6F1D5}.AppStore|x64.ActiveCfg = ReleaseAndroid|Any CPU
		{B81CB4AF-7DC9-4699-B0EF-089452C6F1D5}.AppStore|x86.ActiveCfg = ReleaseAndroid|Any CPU
		{B81CB4AF-7DC9-4699-B0EF-089452C6F1D5}.Debug|Any CPU.ActiveCfg = Debug|Any CPU
		{B81CB4AF-7DC9-4699-B0EF-089452C6F1D5}.Debug|x64.ActiveCfg = Debug|Any CPU
		{B81CB4AF-7DC9-4699-B0EF-089452C6F1D5}.Debug|x86.ActiveCfg = Debug|Any CPU
		{B81CB4AF-7DC9-4699-B0EF-089452C6F1D5}.DebugAndroid|Any CPU.ActiveCfg = DebugAndroid|Any CPU
		{B81CB4AF-7DC9-4699-B0EF-089452C6F1D5}.DebugAndroid|Any CPU.Build.0 = DebugAndroid|Any CPU
		{B81CB4AF-7DC9-4699-B0EF-089452C6F1D5}.DebugAndroid|x64.ActiveCfg = DebugAndroid|Any CPU
		{B81CB4AF-7DC9-4699-B0EF-089452C6F1D5}.DebugAndroid|x86.ActiveCfg = DebugAndroid|Any CPU
		{B81CB4AF-7DC9-4699-B0EF-089452C6F1D5}.Release|Any CPU.ActiveCfg = Release|Any CPU
		{B81CB4AF-7DC9-4699-B0EF-089452C6F1D5}.Release|x64.ActiveCfg = Release|Any CPU
		{B81CB4AF-7DC9-4699-B0EF-089452C6F1D5}.Release|x86.ActiveCfg = Release|Any CPU
		{B81CB4AF-7DC9-4699-B0EF-089452C6F1D5}.ReleaseAndroid|Any CPU.ActiveCfg = ReleaseAndroid|Any CPU
		{B81CB4AF-7DC9-4699-B0EF-089452C6F1D5}.ReleaseAndroid|Any CPU.Build.0 = ReleaseAndroid|Any CPU
		{B81CB4AF-7DC9-4699-B0EF-089452C6F1D5}.ReleaseAndroid|x64.ActiveCfg = ReleaseAndroid|Any CPU
		{B81CB4AF-7DC9-4699-B0EF-089452C6F1D5}.ReleaseAndroid|x86.ActiveCfg = ReleaseAndroid|Any CPU
		{CE9E8614-8DC5-4757-9384-3C416AB61A47}.AppStore|Any CPU.ActiveCfg = AppStore|x86
		{CE9E8614-8DC5-4757-9384-3C416AB61A47}.AppStore|Any CPU.Build.0 = AppStore|x86
		{CE9E8614-8DC5-4757-9384-3C416AB61A47}.AppStore|x64.ActiveCfg = ReleaseAndroid|Any CPU
		{CE9E8614-8DC5-4757-9384-3C416AB61A47}.AppStore|x86.ActiveCfg = AppStore|x86
		{CE9E8614-8DC5-4757-9384-3C416AB61A47}.AppStore|x86.Build.0 = AppStore|x86
		{CE9E8614-8DC5-4757-9384-3C416AB61A47}.Debug|Any CPU.ActiveCfg = Debug|Any CPU
		{CE9E8614-8DC5-4757-9384-3C416AB61A47}.Debug|Any CPU.Build.0 = Debug|Any CPU
		{CE9E8614-8DC5-4757-9384-3C416AB61A47}.Debug|x64.ActiveCfg = Debug|Any CPU
		{CE9E8614-8DC5-4757-9384-3C416AB61A47}.Debug|x86.ActiveCfg = Debug|Any CPU
		{CE9E8614-8DC5-4757-9384-3C416AB61A47}.DebugAndroid|Any CPU.ActiveCfg = DebugAndroid|Any CPU
		{CE9E8614-8DC5-4757-9384-3C416AB61A47}.DebugAndroid|x64.ActiveCfg = DebugAndroid|Any CPU
		{CE9E8614-8DC5-4757-9384-3C416AB61A47}.DebugAndroid|x86.ActiveCfg = DebugAndroid|Any CPU
		{CE9E8614-8DC5-4757-9384-3C416AB61A47}.Release|Any CPU.ActiveCfg = Release|Any CPU
		{CE9E8614-8DC5-4757-9384-3C416AB61A47}.Release|Any CPU.Build.0 = Release|Any CPU
		{CE9E8614-8DC5-4757-9384-3C416AB61A47}.Release|x64.ActiveCfg = Release|Any CPU
		{CE9E8614-8DC5-4757-9384-3C416AB61A47}.Release|x86.ActiveCfg = Release|Any CPU
		{CE9E8614-8DC5-4757-9384-3C416AB61A47}.ReleaseAndroid|Any CPU.ActiveCfg = ReleaseAndroid|Any CPU
		{CE9E8614-8DC5-4757-9384-3C416AB61A47}.ReleaseAndroid|x64.ActiveCfg = ReleaseAndroid|Any CPU
		{CE9E8614-8DC5-4757-9384-3C416AB61A47}.ReleaseAndroid|x86.ActiveCfg = ReleaseAndroid|Any CPU
	EndGlobalSection
	GlobalSection(MonoDevelopProperties) = preSolution
		StartupItem = Axantum.AxCrypt.Mac\Axantum.AxCrypt.Mac.csproj
	EndGlobalSection
	GlobalSection(SolutionProperties) = preSolution
		HideSolutionNode = FALSE
	EndGlobalSection
EndGlobal
