
Microsoft Visual Studio Solution File, Format Version 11.00
# Visual Studio 2010
Project("{FAE04EC0-301F-11D3-BF4B-00C04F79EFBC}") = "Axantum.AxCrypt.iOS", "Axantum.AxCrypt.iOS.csproj", "{3773A07A-71B7-474C-A622-21ED8B8492DD}"
EndProject
Project("{FAE04EC0-301F-11D3-BF4B-00C04F79EFBC}") = "BouncyCastle.AxCrypt", "..\BouncyCastle.AxCrypt\BouncyCastle.AxCrypt.csproj", "{3680C939-B21F-4444-B646-42FB4B29A786}"
EndProject
Global
	GlobalSection(SolutionConfigurationPlatforms) = preSolution
		Debug|iPhoneSimulator = Debug|iPhoneSimulator
		Release|iPhoneSimulator = Release|iPhoneSimulator
		Debug|iPhone = Debug|iPhone
		Release|iPhone = Release|iPhone
		Ad-Hoc|iPhone = Ad-Hoc|iPhone
		AppStore|iPhone = AppStore|iPhone
	EndGlobalSection
	GlobalSection(ProjectConfigurationPlatforms) = postSolution
		{3680C939-B21F-4444-B646-42FB4B29A786}.Ad-Hoc|iPhone.ActiveCfg = Release|Any CPU
		{3680C939-B21F-4444-B646-42FB4B29A786}.Ad-Hoc|iPhone.Build.0 = Release|Any CPU
		{3680C939-B21F-4444-B646-42FB4B29A786}.AppStore|iPhone.ActiveCfg = Release|Any CPU
		{3680C939-B21F-4444-B646-42FB4B29A786}.AppStore|iPhone.Build.0 = Release|Any CPU
		{3680C939-B21F-4444-B646-42FB4B29A786}.Debug|iPhone.ActiveCfg = Debug|Any CPU
		{3680C939-B21F-4444-B646-42FB4B29A786}.Debug|iPhone.Build.0 = Debug|Any CPU
		{3680C939-B21F-4444-B646-42FB4B29A786}.Debug|iPhoneSimulator.ActiveCfg = Debug|Any CPU
		{3680C939-B21F-4444-B646-42FB4B29A786}.Debug|iPhoneSimulator.Build.0 = Debug|Any CPU
		{3680C939-B21F-4444-B646-42FB4B29A786}.Release|iPhone.ActiveCfg = Release|Any CPU
		{3680C939-B21F-4444-B646-42FB4B29A786}.Release|iPhone.Build.0 = Release|Any CPU
		{3680C939-B21F-4444-B646-42FB4B29A786}.Release|iPhoneSimulator.ActiveCfg = Release|Any CPU
		{3680C939-B21F-4444-B646-42FB4B29A786}.Release|iPhoneSimulator.Build.0 = Release|Any CPU
		{3773A07A-71B7-474C-A622-21ED8B8492DD}.Ad-Hoc|iPhone.ActiveCfg = Ad-Hoc|iPhone
		{3773A07A-71B7-474C-A622-21ED8B8492DD}.Ad-Hoc|iPhone.Build.0 = Ad-Hoc|iPhone
		{3773A07A-71B7-474C-A622-21ED8B8492DD}.AppStore|iPhone.ActiveCfg = AppStore|iPhone
		{3773A07A-71B7-474C-A622-21ED8B8492DD}.AppStore|iPhone.Build.0 = AppStore|iPhone
		{3773A07A-71B7-474C-A622-21ED8B8492DD}.Debug|iPhone.ActiveCfg = Debug|iPhone
		{3773A07A-71B7-474C-A622-21ED8B8492DD}.Debug|iPhone.Build.0 = Debug|iPhone
		{3773A07A-71B7-474C-A622-21ED8B8492DD}.Debug|iPhoneSimulator.ActiveCfg = Debug|iPhoneSimulator
		{3773A07A-71B7-474C-A622-21ED8B8492DD}.Debug|iPhoneSimulator.Build.0 = Debug|iPhoneSimulator
		{3773A07A-71B7-474C-A622-21ED8B8492DD}.Release|iPhone.ActiveCfg = Release|iPhone
		{3773A07A-71B7-474C-A622-21ED8B8492DD}.Release|iPhone.Build.0 = Release|iPhone
		{3773A07A-71B7-474C-A622-21ED8B8492DD}.Release|iPhoneSimulator.ActiveCfg = Release|iPhoneSimulator
		{3773A07A-71B7-474C-A622-21ED8B8492DD}.Release|iPhoneSimulator.Build.0 = Release|iPhoneSimulator
	EndGlobalSection
	GlobalSection(MonoDevelopProperties) = preSolution
		Policies = $0
		$0.DotNetNamingPolicy = $1
		$1.DirectoryNamespaceAssociation = None
		$1.ResourceNamePolicy = FileFormatDefault
		version = 2.0
	EndGlobalSection
EndGlobal
